
Microsoft Visual Studio Solution File, Format Version 12.00
# Visual Studio Version 17
VisualStudioVersion = 17.8.34330.188
MinimumVisualStudioVersion = 10.0.40219.1
Project("{9A19103F-16F7-4668-BE54-9A1E7A4F7556}") = "CatalogoDemoApp", "CatalogoDemoApp.csproj", "{AEFBA9A3-605D-439B-A4CC-4942624E17EE}"
EndProject
Global
	GlobalSection(SolutionConfigurationPlatforms) = preSolution
		Debug|Any CPU = Debug|Any CPU
		Release|Any CPU = Release|Any CPU
	EndGlobalSection
	GlobalSection(ProjectConfigurationPlatforms) = postSolution
		{AEFBA9A3-605D-439B-A4CC-4942624E17EE}.Debug|Any CPU.ActiveCfg = Debug|Any CPU
		{AEFBA9A3-605D-439B-A4CC-4942624E17EE}.Debug|Any CPU.Build.0 = Debug|Any CPU
		{AEFBA9A3-605D-439B-A4CC-4942624E17EE}.Release|Any CPU.ActiveCfg = Release|Any CPU
		{AEFBA9A3-605D-439B-A4CC-4942624E17EE}.Release|Any CPU.Build.0 = Release|Any CPU
	EndGlobalSection
	GlobalSection(SolutionProperties) = preSolution
		HideSolutionNode = FALSE
	EndGlobalSection
	GlobalSection(ExtensibilityGlobals) = postSolution
		SolutionGuid = {73BFF48E-12AC-4300-AEE1-CB9C918C4151}
	EndGlobalSection
EndGlobal
